
Microsoft Visual Studio Solution File, Format Version 12.00
# Visual Studio 14
VisualStudioVersion = 14.0.25123.0
MinimumVisualStudioVersion = 10.0.40219.1
Project("{B906A118-1457-42B1-B2FE-3610FF21F912}") = "Sitecore.Support.146550", "Sitecore.Support.146550\Sitecore.Support.146550.csproj", "{64196AA5-8DE4-45F0-96CC-A3115EE849D0}"
EndProject
Global
	GlobalSection(SolutionConfigurationPlatforms) = preSolution
		Debug|Any CPU = Debug|Any CPU
		Release|Any CPU = Release|Any CPU
	EndGlobalSection
	GlobalSection(ProjectConfigurationPlatforms) = postSolution
		{64196AA5-8DE4-45F0-96CC-A3115EE849D0}.Debug|Any CPU.ActiveCfg = Debug|Any CPU
		{64196AA5-8DE4-45F0-96CC-A3115EE849D0}.Debug|Any CPU.Build.0 = Debug|Any CPU
		{64196AA5-8DE4-45F0-96CC-A3115EE849D0}.Release|Any CPU.ActiveCfg = Release|Any CPU
		{64196AA5-8DE4-45F0-96CC-A3115EE849D0}.Release|Any CPU.Build.0 = Release|Any CPU
	EndGlobalSection
	GlobalSection(SolutionProperties) = preSolution
		HideSolutionNode = FALSE
	EndGlobalSection
EndGlobal
